
Microsoft Visual Studio Solution File, Format Version 12.00
# Visual Studio 15
VisualStudioVersion = 15.0.28010.2036
MinimumVisualStudioVersion = 10.0.40219.1
Project("{FAE04EC0-301F-11D3-BF4B-00C04F79EFBC}") = "Frontend", "Frontend\Frontend.csproj", "{54C77B28-BBF9-495E-B921-0FE85E684762}"
EndProject
Project("{9A19103F-16F7-4668-BE54-9A1E7A4F7556}") = "Backend", "Backend\Backend.csproj", "{5C96C325-5D02-420C-97D7-2DE3E2EA4223}"
EndProject
Project("{9A19103F-16F7-4668-BE54-9A1E7A4F7556}") = "DataLayer", "DataLayer\DataLayer.csproj", "{5F844708-3F10-48A7-8071-5FCA8E541AC7}"
EndProject
Project("{FAE04EC0-301F-11D3-BF4B-00C04F79EFBC}") = "DebugData", "DebugData\DebugData.csproj", "{FC58CE85-5F5C-43D3-86C4-7F3C545B1728}"
EndProject
Global
	GlobalSection(SolutionConfigurationPlatforms) = preSolution
		Debug|Any CPU = Debug|Any CPU
		Release|Any CPU = Release|Any CPU
	EndGlobalSection
	GlobalSection(ProjectConfigurationPlatforms) = postSolution
		{54C77B28-BBF9-495E-B921-0FE85E684762}.Debug|Any CPU.ActiveCfg = Debug|Any CPU
		{54C77B28-BBF9-495E-B921-0FE85E684762}.Debug|Any CPU.Build.0 = Debug|Any CPU
		{54C77B28-BBF9-495E-B921-0FE85E684762}.Release|Any CPU.ActiveCfg = Release|Any CPU
		{54C77B28-BBF9-495E-B921-0FE85E684762}.Release|Any CPU.Build.0 = Release|Any CPU
		{5C96C325-5D02-420C-97D7-2DE3E2EA4223}.Debug|Any CPU.ActiveCfg = Debug|Any CPU
		{5C96C325-5D02-420C-97D7-2DE3E2EA4223}.Debug|Any CPU.Build.0 = Debug|Any CPU
		{5C96C325-5D02-420C-97D7-2DE3E2EA4223}.Release|Any CPU.ActiveCfg = Release|Any CPU
		{5C96C325-5D02-420C-97D7-2DE3E2EA4223}.Release|Any CPU.Build.0 = Release|Any CPU
		{5F844708-3F10-48A7-8071-5FCA8E541AC7}.Debug|Any CPU.ActiveCfg = Debug|Any CPU
		{5F844708-3F10-48A7-8071-5FCA8E541AC7}.Debug|Any CPU.Build.0 = Debug|Any CPU
		{5F844708-3F10-48A7-8071-5FCA8E541AC7}.Release|Any CPU.ActiveCfg = Release|Any CPU
		{5F844708-3F10-48A7-8071-5FCA8E541AC7}.Release|Any CPU.Build.0 = Release|Any CPU
		{FC58CE85-5F5C-43D3-86C4-7F3C545B1728}.Debug|Any CPU.ActiveCfg = Debug|Any CPU
		{FC58CE85-5F5C-43D3-86C4-7F3C545B1728}.Debug|Any CPU.Build.0 = Debug|Any CPU
		{FC58CE85-5F5C-43D3-86C4-7F3C545B1728}.Release|Any CPU.ActiveCfg = Release|Any CPU
		{FC58CE85-5F5C-43D3-86C4-7F3C545B1728}.Release|Any CPU.Build.0 = Release|Any CPU
	EndGlobalSection
	GlobalSection(SolutionProperties) = preSolution
		HideSolutionNode = FALSE
	EndGlobalSection
	GlobalSection(ExtensibilityGlobals) = postSolution
		SolutionGuid = {4B32FF41-707A-4C34-9DC3-069BAA7FE7A0}
	EndGlobalSection
EndGlobal
